{
  "name": "chatterp2p",
  "version": "0.0.1",
  "lockfileVersion": 3,
  "requires": true,
  "packages": {
    "": {
      "name": "chatterp2p",
      "version": "0.0.1",
      "hasInstallScript": true,
      "bin": {
        "chatterp2p": "bin/chatterp2p.js"
      },
      "devDependencies": {}
    }
  }
}
